
Microsoft Visual Studio Solution File, Format Version 12.00
# Visual Studio Version 16
VisualStudioVersion = 25.0.1706.0
MinimumVisualStudioVersion = 10.0.40219.1
Project("{FAE04EC0-301F-11D3-BF4B-00C04F79EFBC}") = "IndicinaDecideLibrary", "IndicinaDecideLibrary\IndicinaDecideLibrary.csproj", "{00ED162F-18E6-4B17-A5B0-0F1CF33BEBB5}"
EndProject
Project("{FAE04EC0-301F-11D3-BF4B-00C04F79EFBC}") = "IndicinaDecideTest", "IndicinaDecideTest\IndicinaDecideTest.csproj", "{6BD47D72-5BE6-47B2-9AC3-8D20D7C2DD73}"
EndProject
Global
	GlobalSection(SolutionConfigurationPlatforms) = preSolution
		Debug|Any CPU = Debug|Any CPU
		Release|Any CPU = Release|Any CPU
	EndGlobalSection
	GlobalSection(ProjectConfigurationPlatforms) = postSolution
		{00ED162F-18E6-4B17-A5B0-0F1CF33BEBB5}.Debug|Any CPU.ActiveCfg = Debug|Any CPU
		{00ED162F-18E6-4B17-A5B0-0F1CF33BEBB5}.Debug|Any CPU.Build.0 = Debug|Any CPU
		{00ED162F-18E6-4B17-A5B0-0F1CF33BEBB5}.Release|Any CPU.ActiveCfg = Release|Any CPU
		{00ED162F-18E6-4B17-A5B0-0F1CF33BEBB5}.Release|Any CPU.Build.0 = Release|Any CPU
		{6BD47D72-5BE6-47B2-9AC3-8D20D7C2DD73}.Debug|Any CPU.ActiveCfg = Debug|Any CPU
		{6BD47D72-5BE6-47B2-9AC3-8D20D7C2DD73}.Debug|Any CPU.Build.0 = Debug|Any CPU
		{6BD47D72-5BE6-47B2-9AC3-8D20D7C2DD73}.Release|Any CPU.ActiveCfg = Release|Any CPU
		{6BD47D72-5BE6-47B2-9AC3-8D20D7C2DD73}.Release|Any CPU.Build.0 = Release|Any CPU
	EndGlobalSection
	GlobalSection(SolutionProperties) = preSolution
		HideSolutionNode = FALSE
	EndGlobalSection
	GlobalSection(ExtensibilityGlobals) = postSolution
		SolutionGuid = {078D4547-0C7E-4ED3-8797-03303CC0DC15}
	EndGlobalSection
EndGlobal
